// !$*UTF8*$!
{
	archiveVersion = 1;
	classes = {
	};
	objectVersion = 56;
	objects = {

/* Begin PBXBuildFile section */
		D0D2B02528952C6800DE0EBB /* GitCryptDemoApp.swift in Sources */ = {isa = PBXBuildFile; fileRef = D0D2B02428952C6800DE0EBB /* GitCryptDemoApp.swift */; };
		D0D2B02728952C6800DE0EBB /* ContentView.swift in Sources */ = {isa = PBXBuildFile; fileRef = D0D2B02628952C6800DE0EBB /* ContentView.swift */; };
		D0D2B02928952C6900DE0EBB /* Assets.xcassets in Resources */ = {isa = PBXBuildFile; fileRef = D0D2B02828952C6900DE0EBB /* Assets.xcassets */; };
		D0D2B02D28952C6900DE0EBB /* Preview Assets.xcassets in Resources */ = {isa = PBXBuildFile; fileRef = D0D2B02C28952C6900DE0EBB /* Preview Assets.xcassets */; };
		D0D2B0392895E95C00DE0EBB /* Unsecret.txt in Resources */ = {isa = PBXBuildFile; fileRef = D0D2B0352895E95C00DE0EBB /* Unsecret.txt */; };
		D0D2B03A2895E95C00DE0EBB /* .gitattributes in Resources */ = {isa = PBXBuildFile; fileRef = D0D2B0362895E95C00DE0EBB /* .gitattributes */; };
		D0D2B03B2895E95C00DE0EBB /* .gitignore in Resources */ = {isa = PBXBuildFile; fileRef = D0D2B0372895E95C00DE0EBB /* .gitignore */; };
		D0D2B03C2895E95C00DE0EBB /* Secret.txt in Resources */ = {isa = PBXBuildFile; fileRef = D0D2B0382895E95C00DE0EBB /* Secret.txt */; };
		D0D2B03E2895F08F00DE0EBB /* About.txt in Resources */ = {isa = PBXBuildFile; fileRef = D0D2B03D2895F08F00DE0EBB /* About.txt */; };
		D0D2B0402895F5C200DE0EBB /* README.md in Resources */ = {isa = PBXBuildFile; fileRef = D0D2B03F2895F5C200DE0EBB /* README.md */; };
		D0D2B0422895F5D800DE0EBB /* String+paths.swift in Sources */ = {isa = PBXBuildFile; fileRef = D0D2B0412895F5D700DE0EBB /* String+paths.swift */; };
/* End PBXBuildFile section */

/* Begin PBXFileReference section */
		D0D2B02128952C6800DE0EBB /* GitCryptDemo.app */ = {isa = PBXFileReference; explicitFileType = wrapper.application; includeInIndex = 0; path = GitCryptDemo.app; sourceTree = BUILT_PRODUCTS_DIR; };
		D0D2B02428952C6800DE0EBB /* GitCryptDemoApp.swift */ = {isa = PBXFileReference; lastKnownFileType = sourcecode.swift; path = GitCryptDemoApp.swift; sourceTree = "<group>"; };
		D0D2B02628952C6800DE0EBB /* ContentView.swift */ = {isa = PBXFileReference; lastKnownFileType = sourcecode.swift; path = ContentView.swift; sourceTree = "<group>"; };
		D0D2B02828952C6900DE0EBB /* Assets.xcassets */ = {isa = PBXFileReference; lastKnownFileType = folder.assetcatalog; path = Assets.xcassets; sourceTree = "<group>"; };
		D0D2B02A28952C6900DE0EBB /* GitCryptDemo.entitlements */ = {isa = PBXFileReference; lastKnownFileType = text.plist.entitlements; path = GitCryptDemo.entitlements; sourceTree = "<group>"; };
		D0D2B02C28952C6900DE0EBB /* Preview Assets.xcassets */ = {isa = PBXFileReference; lastKnownFileType = folder.assetcatalog; path = "Preview Assets.xcassets"; sourceTree = "<group>"; };
		D0D2B0352895E95C00DE0EBB /* Unsecret.txt */ = {isa = PBXFileReference; fileEncoding = 4; lastKnownFileType = text; path = Unsecret.txt; sourceTree = SOURCE_ROOT; };
		D0D2B0362895E95C00DE0EBB /* .gitattributes */ = {isa = PBXFileReference; fileEncoding = 4; lastKnownFileType = text; path = .gitattributes; sourceTree = SOURCE_ROOT; };
		D0D2B0372895E95C00DE0EBB /* .gitignore */ = {isa = PBXFileReference; fileEncoding = 4; lastKnownFileType = text; path = .gitignore; sourceTree = SOURCE_ROOT; };
		D0D2B0382895E95C00DE0EBB /* Secret.txt */ = {isa = PBXFileReference; fileEncoding = 4; lastKnownFileType = text; path = Secret.txt; sourceTree = SOURCE_ROOT; };
		D0D2B03D2895F08F00DE0EBB /* About.txt */ = {isa = PBXFileReference; fileEncoding = 4; lastKnownFileType = text; path = About.txt; sourceTree = "<group>"; };
		D0D2B03F2895F5C200DE0EBB /* README.md */ = {isa = PBXFileReference; fileEncoding = 4; lastKnownFileType = net.daringfireball.markdown; path = README.md; sourceTree = "<group>"; };
		D0D2B0412895F5D700DE0EBB /* String+paths.swift */ = {isa = PBXFileReference; fileEncoding = 4; lastKnownFileType = sourcecode.swift; path = "String+paths.swift"; sourceTree = "<group>"; };
/* End PBXFileReference section */

/* Begin PBXFrameworksBuildPhase section */
		D0D2B01E28952C6800DE0EBB /* Frameworks */ = {
			isa = PBXFrameworksBuildPhase;
			buildActionMask = 2147483647;
			files = (
			);
			runOnlyForDeploymentPostprocessing = 0;
		};
/* End PBXFrameworksBuildPhase section */

/* Begin PBXGroup section */
		D0D2B01828952C6800DE0EBB = {
			isa = PBXGroup;
			children = (
				D0D2B03F2895F5C200DE0EBB /* README.md */,
				D0D2B03D2895F08F00DE0EBB /* About.txt */,
				D0D2B02328952C6800DE0EBB /* GitCryptDemo */,
				D0D2B02228952C6800DE0EBB /* Products */,
			);
			sourceTree = "<group>";
		};
		D0D2B02228952C6800DE0EBB /* Products */ = {
			isa = PBXGroup;
			children = (
				D0D2B02128952C6800DE0EBB /* GitCryptDemo.app */,
			);
			name = Products;
			sourceTree = "<group>";
		};
		D0D2B02328952C6800DE0EBB /* GitCryptDemo */ = {
			isa = PBXGroup;
			children = (
				D0D2B0412895F5D700DE0EBB /* String+paths.swift */,
				D0D2B02428952C6800DE0EBB /* GitCryptDemoApp.swift */,
				D0D2B02628952C6800DE0EBB /* ContentView.swift */,
				D0D2B0362895E95C00DE0EBB /* .gitattributes */,
				D0D2B0372895E95C00DE0EBB /* .gitignore */,
				D0D2B0382895E95C00DE0EBB /* Secret.txt */,
				D0D2B0352895E95C00DE0EBB /* Unsecret.txt */,
				D0D2B02828952C6900DE0EBB /* Assets.xcassets */,
				D0D2B02A28952C6900DE0EBB /* GitCryptDemo.entitlements */,
				D0D2B02B28952C6900DE0EBB /* Preview Content */,
			);
			path = GitCryptDemo;
			sourceTree = "<group>";
		};
		D0D2B02B28952C6900DE0EBB /* Preview Content */ = {
			isa = PBXGroup;
			children = (
				D0D2B02C28952C6900DE0EBB /* Preview Assets.xcassets */,
			);
			path = "Preview Content";
			sourceTree = "<group>";
		};
/* End PBXGroup section */

/* Begin PBXNativeTarget section */
		D0D2B02028952C6800DE0EBB /* GitCryptDemo */ = {
			isa = PBXNativeTarget;
			buildConfigurationList = D0D2B03028952C6900DE0EBB /* Build configuration list for PBXNativeTarget "GitCryptDemo" */;
			buildPhases = (
				D0D2B01D28952C6800DE0EBB /* Sources */,
				D0D2B01E28952C6800DE0EBB /* Frameworks */,
				D0D2B01F28952C6800DE0EBB /* Resources */,
			);
			buildRules = (
			);
			dependencies = (
			);
			name = GitCryptDemo;
			productName = GitCryptDemo;
			productReference = D0D2B02128952C6800DE0EBB /* GitCryptDemo.app */;
			productType = "com.apple.product-type.application";
		};
/* End PBXNativeTarget section */

/* Begin PBXProject section */
		D0D2B01928952C6800DE0EBB /* Project object */ = {
			isa = PBXProject;
			attributes = {
				BuildIndependentTargetsInParallel = 1;
				LastSwiftUpdateCheck = 1400;
				LastUpgradeCheck = 1400;
				TargetAttributes = {
					D0D2B02028952C6800DE0EBB = {
						CreatedOnToolsVersion = 14.0;
					};
				};
			};
			buildConfigurationList = D0D2B01C28952C6800DE0EBB /* Build configuration list for PBXProject "GitCryptDemo" */;
			compatibilityVersion = "Xcode 14.0";
			developmentRegion = en;
			hasScannedForEncodings = 0;
			knownRegions = (
				en,
				Base,
			);
			mainGroup = D0D2B01828952C6800DE0EBB;
			productRefGroup = D0D2B02228952C6800DE0EBB /* Products */;
			projectDirPath = "";
			projectRoot = "";
			targets = (
				D0D2B02028952C6800DE0EBB /* GitCryptDemo */,
			);
		};
/* End PBXProject section */

/* Begin PBXResourcesBuildPhase section */
		D0D2B01F28952C6800DE0EBB /* Resources */ = {
			isa = PBXResourcesBuildPhase;
			buildActionMask = 2147483647;
			files = (
				D0D2B03B2895E95C00DE0EBB /* .gitignore in Resources */,
				D0D2B0392895E95C00DE0EBB /* Unsecret.txt in Resources */,
				D0D2B03C2895E95C00DE0EBB /* Secret.txt in Resources */,
				D0D2B02D28952C6900DE0EBB /* Preview Assets.xcassets in Resources */,
				D0D2B02928952C6900DE0EBB /* Assets.xcassets in Resources */,
				D0D2B03A2895E95C00DE0EBB /* .gitattributes in Resources */,
				D0D2B0402895F5C200DE0EBB /* README.md in Resources */,
				D0D2B03E2895F08F00DE0EBB /* About.txt in Resources */,
			);
			runOnlyForDeploymentPostprocessing = 0;
		};
/* End PBXResourcesBuildPhase section */

/* Begin PBXSourcesBuildPhase section */
		D0D2B01D28952C6800DE0EBB /* Sources */ = {
			isa = PBXSourcesBuildPhase;
			buildActionMask = 2147483647;
			files = (
				D0D2B0422895F5D800DE0EBB /* String+paths.swift in Sources */,
				D0D2B02728952C6800DE0EBB /* ContentView.swift in Sources */,
				D0D2B02528952C6800DE0EBB /* GitCryptDemoApp.swift in Sources */,
			);
			runOnlyForDeploymentPostprocessing = 0;
		};
/* End PBXSourcesBuildPhase section */

/* Begin XCBuildConfiguration section */
		D0D2B02E28952C6900DE0EBB /* Debug */ = {
			isa = XCBuildConfiguration;
			buildSettings = {
				ALWAYS_SEARCH_USER_PATHS = NO;
				CLANG_ANALYZER_NONNULL = YES;
				CLANG_ANALYZER_NUMBER_OBJECT_CONVERSION = YES_AGGRESSIVE;
				CLANG_CXX_LANGUAGE_STANDARD = "gnu++20";
				CLANG_ENABLE_MODULES = YES;
				CLANG_ENABLE_OBJC_ARC = YES;
				CLANG_ENABLE_OBJC_WEAK = YES;
				CLANG_WARN_BLOCK_CAPTURE_AUTORELEASING = YES;
				CLANG_WARN_BOOL_CONVERSION = YES;
				CLANG_WARN_COMMA = YES;
				CLANG_WARN_CONSTANT_CONVERSION = YES;
				CLANG_WARN_DEPRECATED_OBJC_IMPLEMENTATIONS = YES;
				CLANG_WARN_DIRECT_OBJC_ISA_USAGE = YES_ERROR;
				CLANG_WARN_DOCUMENTATION_COMMENTS = YES;
				CLANG_WARN_EMPTY_BODY = YES;
				CLANG_WARN_ENUM_CONVERSION = YES;
				CLANG_WARN_INFINITE_RECURSION = YES;
				CLANG_WARN_INT_CONVERSION = YES;
				CLANG_WARN_NON_LITERAL_NULL_CONVERSION = YES;
				CLANG_WARN_OBJC_IMPLICIT_RETAIN_SELF = YES;
				CLANG_WARN_OBJC_LITERAL_CONVERSION = YES;
				CLANG_WARN_OBJC_ROOT_CLASS = YES_ERROR;
				CLANG_WARN_QUOTED_INCLUDE_IN_FRAMEWORK_HEADER = YES;
				CLANG_WARN_RANGE_LOOP_ANALYSIS = YES;
				CLANG_WARN_STRICT_PROTOTYPES = YES;
				CLANG_WARN_SUSPICIOUS_MOVE = YES;
				CLANG_WARN_UNGUARDED_AVAILABILITY = YES_AGGRESSIVE;
				CLANG_WARN_UNREACHABLE_CODE = YES;
				CLANG_WARN__DUPLICATE_METHOD_MATCH = YES;
				COPY_PHASE_STRIP = NO;
				DEBUG_INFORMATION_FORMAT = dwarf;
				ENABLE_STRICT_OBJC_MSGSEND = YES;
				ENABLE_TESTABILITY = YES;
				GCC_C_LANGUAGE_STANDARD = gnu11;
				GCC_DYNAMIC_NO_PIC = NO;
				GCC_NO_COMMON_BLOCKS = YES;
				GCC_OPTIMIZATION_LEVEL = 0;
				GCC_PREPROCESSOR_DEFINITIONS = (
					"DEBUG=1",
					"$(inherited)",
				);
				GCC_WARN_64_TO_32_BIT_CONVERSION = YES;
				GCC_WARN_ABOUT_RETURN_TYPE = YES_ERROR;
				GCC_WARN_UNDECLARED_SELECTOR = YES;
				GCC_WARN_UNINITIALIZED_AUTOS = YES_AGGRESSIVE;
				GCC_WARN_UNUSED_FUNCTION = YES;
				GCC_WARN_UNUSED_VARIABLE = YES;
				MTL_ENABLE_DEBUG_INFO = INCLUDE_SOURCE;
				MTL_FAST_MATH = YES;
				ONLY_ACTIVE_ARCH = YES;
				SWIFT_ACTIVE_COMPILATION_CONDITIONS = DEBUG;
				SWIFT_OPTIMIZATION_LEVEL = "-Onone";
			};
			name = Debug;
		};
		D0D2B02F28952C6900DE0EBB /* Release */ = {
			isa = XCBuildConfiguration;
			buildSettings = {
				ALWAYS_SEARCH_USER_PATHS = NO;
				CLANG_ANALYZER_NONNULL = YES;
				CLANG_ANALYZER_NUMBER_OBJECT_CONVERSION = YES_AGGRESSIVE;
				CLANG_CXX_LANGUAGE_STANDARD = "gnu++20";
				CLANG_ENABLE_MODULES = YES;
				CLANG_ENABLE_OBJC_ARC = YES;
				CLANG_ENABLE_OBJC_WEAK = YES;
				CLANG_WARN_BLOCK_CAPTURE_AUTORELEASING = YES;
				CLANG_WARN_BOOL_CONVERSION = YES;
				CLANG_WARN_COMMA = YES;
				CLANG_WARN_CONSTANT_CONVERSION = YES;
				CLANG_WARN_DEPRECATED_OBJC_IMPLEMENTATIONS = YES;
				CLANG_WARN_DIRECT_OBJC_ISA_USAGE = YES_ERROR;
				CLANG_WARN_DOCUMENTATION_COMMENTS = YES;
				CLANG_WARN_EMPTY_BODY = YES;
				CLANG_WARN_ENUM_CONVERSION = YES;
				CLANG_WARN_INFINITE_RECURSION = YES;
				CLANG_WARN_INT_CONVERSION = YES;
				CLANG_WARN_NON_LITERAL_NULL_CONVERSION = YES;
				CLANG_WARN_OBJC_IMPLICIT_RETAIN_SELF = YES;
				CLANG_WARN_OBJC_LITERAL_CONVERSION = YES;
				CLANG_WARN_OBJC_ROOT_CLASS = YES_ERROR;
				CLANG_WARN_QUOTED_INCLUDE_IN_FRAMEWORK_HEADER = YES;
				CLANG_WARN_RANGE_LOOP_ANALYSIS = YES;
				CLANG_WARN_STRICT_PROTOTYPES = YES;
				CLANG_WARN_SUSPICIOUS_MOVE = YES;
				CLANG_WARN_UNGUARDED_AVAILABILITY = YES_AGGRESSIVE;
				CLANG_WARN_UNREACHABLE_CODE = YES;
				CLANG_WARN__DUPLICATE_METHOD_MATCH = YES;
				COPY_PHASE_STRIP = NO;
				DEBUG_INFORMATION_FORMAT = "dwarf-with-dsym";
				ENABLE_NS_ASSERTIONS = NO;
				ENABLE_STRICT_OBJC_MSGSEND = YES;
				GCC_C_LANGUAGE_STANDARD = gnu11;
				GCC_NO_COMMON_BLOCKS = YES;
				GCC_WARN_64_TO_32_BIT_CONVERSION = YES;
				GCC_WARN_ABOUT_RETURN_TYPE = YES_ERROR;
				GCC_WARN_UNDECLARED_SELECTOR = YES;
				GCC_WARN_UNINITIALIZED_AUTOS = YES_AGGRESSIVE;
				GCC_WARN_UNUSED_FUNCTION = YES;
				GCC_WARN_UNUSED_VARIABLE = YES;
				MTL_ENABLE_DEBUG_INFO = NO;
				MTL_FAST_MATH = YES;
				SWIFT_COMPILATION_MODE = wholemodule;
				SWIFT_OPTIMIZATION_LEVEL = "-O";
			};
			name = Release;
		};
		D0D2B03128952C6900DE0EBB /* Debug */ = {
			isa = XCBuildConfiguration;
			buildSettings = {
				ASSETCATALOG_COMPILER_APPICON_NAME = AppIcon;
				ASSETCATALOG_COMPILER_GLOBAL_ACCENT_COLOR_NAME = AccentColor;
				CODE_SIGN_ENTITLEMENTS = GitCryptDemo/GitCryptDemo.entitlements;
				CODE_SIGN_STYLE = Automatic;
				CURRENT_PROJECT_VERSION = 1;
				DEVELOPMENT_ASSET_PATHS = "\"GitCryptDemo/Preview Content\"";
				DEVELOPMENT_TEAM = YDEWPN9GZ6;
				ENABLE_HARDENED_RUNTIME = YES;
				ENABLE_PREVIEWS = YES;
				GENERATE_INFOPLIST_FILE = YES;
				"INFOPLIST_KEY_UIApplicationSceneManifest_Generation[sdk=iphoneos*]" = YES;
				"INFOPLIST_KEY_UIApplicationSceneManifest_Generation[sdk=iphonesimulator*]" = YES;
				"INFOPLIST_KEY_UIApplicationSupportsIndirectInputEvents[sdk=iphoneos*]" = YES;
				"INFOPLIST_KEY_UIApplicationSupportsIndirectInputEvents[sdk=iphonesimulator*]" = YES;
				"INFOPLIST_KEY_UILaunchScreen_Generation[sdk=iphoneos*]" = YES;
				"INFOPLIST_KEY_UILaunchScreen_Generation[sdk=iphonesimulator*]" = YES;
				"INFOPLIST_KEY_UIStatusBarStyle[sdk=iphoneos*]" = UIStatusBarStyleDefault;
				"INFOPLIST_KEY_UIStatusBarStyle[sdk=iphonesimulator*]" = UIStatusBarStyleDefault;
				INFOPLIST_KEY_UISupportedInterfaceOrientations_iPad = "UIInterfaceOrientationPortrait UIInterfaceOrientationPortraitUpsideDown UIInterfaceOrientationLandscapeLeft UIInterfaceOrientationLandscapeRight";
				INFOPLIST_KEY_UISupportedInterfaceOrientations_iPhone = "UIInterfaceOrientationPortrait UIInterfaceOrientationLandscapeLeft UIInterfaceOrientationLandscapeRight";
				IPHONEOS_DEPLOYMENT_TARGET = 15.6;
				LD_RUNPATH_SEARCH_PATHS = "@executable_path/Frameworks";
				"LD_RUNPATH_SEARCH_PATHS[sdk=macosx*]" = "@executable_path/../Frameworks";
				MACOSX_DEPLOYMENT_TARGET = 12.5;
				MARKETING_VERSION = 1.0;
				PRODUCT_BUNDLE_IDENTIFIER = com.vdHamer.GitCryptDemo;
				PRODUCT_NAME = "$(TARGET_NAME)";
				SDKROOT = auto;
				SUPPORTED_PLATFORMS = "iphoneos iphonesimulator macosx";
				SWIFT_EMIT_LOC_STRINGS = YES;
				SWIFT_VERSION = 5.0;
				TARGETED_DEVICE_FAMILY = "1,2";
			};
			name = Debug;
		};
		D0D2B03228952C6900DE0EBB /* Release */ = {
			isa = XCBuildConfiguration;
			buildSettings = {
				ASSETCATALOG_COMPILER_APPICON_NAME = AppIcon;
				ASSETCATALOG_COMPILER_GLOBAL_ACCENT_COLOR_NAME = AccentColor;
				CODE_SIGN_ENTITLEMENTS = GitCryptDemo/GitCryptDemo.entitlements;
				CODE_SIGN_STYLE = Automatic;
				CURRENT_PROJECT_VERSION = 1;
				DEVELOPMENT_ASSET_PATHS = "\"GitCryptDemo/Preview Content\"";
				DEVELOPMENT_TEAM = YDEWPN9GZ6;
				ENABLE_HARDENED_RUNTIME = YES;
				ENABLE_PREVIEWS = YES;
				GENERATE_INFOPLIST_FILE = YES;
				"INFOPLIST_KEY_UIApplicationSceneManifest_Generation[sdk=iphoneos*]" = YES;
				"INFOPLIST_KEY_UIApplicationSceneManifest_Generation[sdk=iphonesimulator*]" = YES;
				"INFOPLIST_KEY_UIApplicationSupportsIndirectInputEvents[sdk=iphoneos*]" = YES;
				"INFOPLIST_KEY_UIApplicationSupportsIndirectInputEvents[sdk=iphonesimulator*]" = YES;
				"INFOPLIST_KEY_UILaunchScreen_Generation[sdk=iphoneos*]" = YES;
				"INFOPLIST_KEY_UILaunchScreen_Generation[sdk=iphonesimulator*]" = YES;
				"INFOPLIST_KEY_UIStatusBarStyle[sdk=iphoneos*]" = UIStatusBarStyleDefault;
				"INFOPLIST_KEY_UIStatusBarStyle[sdk=iphonesimulator*]" = UIStatusBarStyleDefault;
				INFOPLIST_KEY_UISupportedInterfaceOrientations_iPad = "UIInterfaceOrientationPortrait UIInterfaceOrientationPortraitUpsideDown UIInterfaceOrientationLandscapeLeft UIInterfaceOrientationLandscapeRight";
				INFOPLIST_KEY_UISupportedInterfaceOrientations_iPhone = "UIInterfaceOrientationPortrait UIInterfaceOrientationLandscapeLeft UIInterfaceOrientationLandscapeRight";
				IPHONEOS_DEPLOYMENT_TARGET = 15.6;
				LD_RUNPATH_SEARCH_PATHS = "@executable_path/Frameworks";
				"LD_RUNPATH_SEARCH_PATHS[sdk=macosx*]" = "@executable_path/../Frameworks";
				MACOSX_DEPLOYMENT_TARGET = 12.5;
				MARKETING_VERSION = 1.0;
				PRODUCT_BUNDLE_IDENTIFIER = com.vdHamer.GitCryptDemo;
				PRODUCT_NAME = "$(TARGET_NAME)";
				SDKROOT = auto;
				SUPPORTED_PLATFORMS = "iphoneos iphonesimulator macosx";
				SWIFT_EMIT_LOC_STRINGS = YES;
				SWIFT_VERSION = 5.0;
				TARGETED_DEVICE_FAMILY = "1,2";
			};
			name = Release;
		};
/* End XCBuildConfiguration section */

/* Begin XCConfigurationList section */
		D0D2B01C28952C6800DE0EBB /* Build configuration list for PBXProject "GitCryptDemo" */ = {
			isa = XCConfigurationList;
			buildConfigurations = (
				D0D2B02E28952C6900DE0EBB /* Debug */,
				D0D2B02F28952C6900DE0EBB /* Release */,
			);
			defaultConfigurationIsVisible = 0;
			defaultConfigurationName = Release;
		};
		D0D2B03028952C6900DE0EBB /* Build configuration list for PBXNativeTarget "GitCryptDemo" */ = {
			isa = XCConfigurationList;
			buildConfigurations = (
				D0D2B03128952C6900DE0EBB /* Debug */,
				D0D2B03228952C6900DE0EBB /* Release */,
			);
			defaultConfigurationIsVisible = 0;
			defaultConfigurationName = Release;
		};
/* End XCConfigurationList section */
	};
	rootObject = D0D2B01928952C6800DE0EBB /* Project object */;
}
